{
  "name": "integration-aftenposten-test",
  "version": "1.0.0",
  "dependencies": {
    "alf": {
      "version": "2.0.0",
      "from": "alf@>=2.0.0 <3.0.0",
      "dependencies": {
        "backbone": {
          "version": "1.2.2",
          "from": "backbone@>=1.2.1 <2.0.0",
          "resolved": "https://registry.npmjs.org/backbone/-/backbone-1.2.2.tgz",
          "dependencies": {
            "underscore": {
              "version": "1.8.3",
              "from": "underscore@>=1.7.0",
              "resolved": "https://registry.npmjs.org/underscore/-/underscore-1.8.3.tgz"
            }
          }
        },
        "jquery": {
          "version": "2.1.4",
          "from": "jquery@>=2.1.4 <3.0.0",
          "resolved": "https://registry.npmjs.org/jquery/-/jquery-2.1.4.tgz"
        },
        "lodash": {
          "version": "3.10.1",
          "from": "lodash@>=3.10.1 <4.0.0",
          "resolved": "https://registry.npmjs.org/lodash/-/lodash-3.10.1.tgz"
        }
      }
    }
  }
}
